
Microsoft Visual Studio Solution File, Format Version 12.00
# Visual Studio Version 16
VisualStudioVersion = 16.0.31911.196
MinimumVisualStudioVersion = 10.0.40219.1
Project("{9A19103F-16F7-4668-BE54-9A1E7A4F7556}") = "CarRentalManagement.Server", "CarRentalManagement\Server\CarRentalManagement.Server.csproj", "{D992144B-C76D-4CB1-A18B-815D4565A871}"
EndProject
Project("{9A19103F-16F7-4668-BE54-9A1E7A4F7556}") = "CarRentalManagement.Client", "CarRentalManagement\Client\CarRentalManagement.Client.csproj", "{DECBE2FE-1FB8-4EE8-8A0E-0189B11E3B5E}"
EndProject
Project("{9A19103F-16F7-4668-BE54-9A1E7A4F7556}") = "CarRentalManagement.Shared", "CarRentalManagement\Shared\CarRentalManagement.Shared.csproj", "{045EDE3E-588E-4C9D-B3FF-4D59FFA49C9B}"
EndProject
Global
	GlobalSection(SolutionConfigurationPlatforms) = preSolution
		Debug|Any CPU = Debug|Any CPU
		Release|Any CPU = Release|Any CPU
	EndGlobalSection
	GlobalSection(ProjectConfigurationPlatforms) = postSolution
		{D992144B-C76D-4CB1-A18B-815D4565A871}.Debug|Any CPU.ActiveCfg = Debug|Any CPU
		{D992144B-C76D-4CB1-A18B-815D4565A871}.Debug|Any CPU.Build.0 = Debug|Any CPU
		{D992144B-C76D-4CB1-A18B-815D4565A871}.Release|Any CPU.ActiveCfg = Release|Any CPU
		{D992144B-C76D-4CB1-A18B-815D4565A871}.Release|Any CPU.Build.0 = Release|Any CPU
		{DECBE2FE-1FB8-4EE8-8A0E-0189B11E3B5E}.Debug|Any CPU.ActiveCfg = Debug|Any CPU
		{DECBE2FE-1FB8-4EE8-8A0E-0189B11E3B5E}.Debug|Any CPU.Build.0 = Debug|Any CPU
		{DECBE2FE-1FB8-4EE8-8A0E-0189B11E3B5E}.Release|Any CPU.ActiveCfg = Release|Any CPU
		{DECBE2FE-1FB8-4EE8-8A0E-0189B11E3B5E}.Release|Any CPU.Build.0 = Release|Any CPU
		{045EDE3E-588E-4C9D-B3FF-4D59FFA49C9B}.Debug|Any CPU.ActiveCfg = Debug|Any CPU
		{045EDE3E-588E-4C9D-B3FF-4D59FFA49C9B}.Debug|Any CPU.Build.0 = Debug|Any CPU
		{045EDE3E-588E-4C9D-B3FF-4D59FFA49C9B}.Release|Any CPU.ActiveCfg = Release|Any CPU
		{045EDE3E-588E-4C9D-B3FF-4D59FFA49C9B}.Release|Any CPU.Build.0 = Release|Any CPU
	EndGlobalSection
	GlobalSection(SolutionProperties) = preSolution
		HideSolutionNode = FALSE
	EndGlobalSection
	GlobalSection(ExtensibilityGlobals) = postSolution
		SolutionGuid = {54F021E8-252E-48F7-942E-0579AD478146}
	EndGlobalSection
EndGlobal
